
Microsoft Visual Studio Solution File, Format Version 12.00
# Visual Studio Version 17
VisualStudioVersion = 17.4.33213.308
MinimumVisualStudioVersion = 10.0.40219.1
Project("{FAE04EC0-301F-11D3-BF4B-00C04F79EFBC}") = "MyContactApp", "MyContactApp\MyContactApp.csproj", "{73EBABBE-7C87-48D7-B837-F6FAC97304CA}"
EndProject
Global
	GlobalSection(SolutionConfigurationPlatforms) = preSolution
		Debug|Any CPU = Debug|Any CPU
		Release|Any CPU = Release|Any CPU
	EndGlobalSection
	GlobalSection(ProjectConfigurationPlatforms) = postSolution
		{73EBABBE-7C87-48D7-B837-F6FAC97304CA}.Debug|Any CPU.ActiveCfg = Debug|Any CPU
		{73EBABBE-7C87-48D7-B837-F6FAC97304CA}.Debug|Any CPU.Build.0 = Debug|Any CPU
		{73EBABBE-7C87-48D7-B837-F6FAC97304CA}.Release|Any CPU.ActiveCfg = Release|Any CPU
		{73EBABBE-7C87-48D7-B837-F6FAC97304CA}.Release|Any CPU.Build.0 = Release|Any CPU
	EndGlobalSection
	GlobalSection(SolutionProperties) = preSolution
		HideSolutionNode = FALSE
	EndGlobalSection
	GlobalSection(ExtensibilityGlobals) = postSolution
		SolutionGuid = {4EFB18E5-3B34-4CA7-A5E1-295CC2AC05EB}
	EndGlobalSection
EndGlobal
